
Microsoft Visual Studio Solution File, Format Version 12.00
# Visual Studio 15
VisualStudioVersion = 15.0.28307.489
MinimumVisualStudioVersion = 10.0.40219.1
Project("{FAE04EC0-301F-11D3-BF4B-00C04F79EFBC}") = "CollectionApp1", "CollectionApp1\CollectionApp1.csproj", "{5EDAA0AB-2FBE-4EEF-B8F7-6D1EFC8F108D}"
EndProject
Project("{FAE04EC0-301F-11D3-BF4B-00C04F79EFBC}") = "ETLXMLReader", "ETLXMLReader\ETLXMLReader.csproj", "{91671AA9-CE14-4A16-9F7F-2C8142011437}"
EndProject
Global
	GlobalSection(SolutionConfigurationPlatforms) = preSolution
		Debug|Any CPU = Debug|Any CPU
		Release|Any CPU = Release|Any CPU
	EndGlobalSection
	GlobalSection(ProjectConfigurationPlatforms) = postSolution
		{5EDAA0AB-2FBE-4EEF-B8F7-6D1EFC8F108D}.Debug|Any CPU.ActiveCfg = Debug|Any CPU
		{5EDAA0AB-2FBE-4EEF-B8F7-6D1EFC8F108D}.Debug|Any CPU.Build.0 = Debug|Any CPU
		{5EDAA0AB-2FBE-4EEF-B8F7-6D1EFC8F108D}.Release|Any CPU.ActiveCfg = Release|Any CPU
		{5EDAA0AB-2FBE-4EEF-B8F7-6D1EFC8F108D}.Release|Any CPU.Build.0 = Release|Any CPU
		{91671AA9-CE14-4A16-9F7F-2C8142011437}.Debug|Any CPU.ActiveCfg = Debug|Any CPU
		{91671AA9-CE14-4A16-9F7F-2C8142011437}.Debug|Any CPU.Build.0 = Debug|Any CPU
		{91671AA9-CE14-4A16-9F7F-2C8142011437}.Release|Any CPU.ActiveCfg = Release|Any CPU
		{91671AA9-CE14-4A16-9F7F-2C8142011437}.Release|Any CPU.Build.0 = Release|Any CPU
	EndGlobalSection
	GlobalSection(SolutionProperties) = preSolution
		HideSolutionNode = FALSE
	EndGlobalSection
	GlobalSection(ExtensibilityGlobals) = postSolution
		SolutionGuid = {6AFFB9F6-CCEE-4E9B-9762-4A71F705E015}
	EndGlobalSection
EndGlobal
