
Microsoft Visual Studio Solution File, Format Version 12.00
# Visual Studio 15
VisualStudioVersion = 15.0.28307.489
MinimumVisualStudioVersion = 10.0.40219.1
Project("{FAE04EC0-301F-11D3-BF4B-00C04F79EFBC}") = "Part1", "Part1\Part1.csproj", "{0B705E9D-AE24-4B7E-8881-CAFEFF0B7CB6}"
EndProject
Global
	GlobalSection(SolutionConfigurationPlatforms) = preSolution
		Debug|Any CPU = Debug|Any CPU
		Release|Any CPU = Release|Any CPU
	EndGlobalSection
	GlobalSection(ProjectConfigurationPlatforms) = postSolution
		{0B705E9D-AE24-4B7E-8881-CAFEFF0B7CB6}.Debug|Any CPU.ActiveCfg = Debug|Any CPU
		{0B705E9D-AE24-4B7E-8881-CAFEFF0B7CB6}.Debug|Any CPU.Build.0 = Debug|Any CPU
		{0B705E9D-AE24-4B7E-8881-CAFEFF0B7CB6}.Release|Any CPU.ActiveCfg = Release|Any CPU
		{0B705E9D-AE24-4B7E-8881-CAFEFF0B7CB6}.Release|Any CPU.Build.0 = Release|Any CPU
	EndGlobalSection
	GlobalSection(SolutionProperties) = preSolution
		HideSolutionNode = FALSE
	EndGlobalSection
	GlobalSection(ExtensibilityGlobals) = postSolution
		SolutionGuid = {99A0DEBA-AC45-4DF9-B6E1-DE27BE29018C}
	EndGlobalSection
EndGlobal
